
Microsoft Visual Studio Solution File, Format Version 12.00
# Visual Studio Version 16
VisualStudioVersion = 16.0.30128.74
MinimumVisualStudioVersion = 10.0.40219.1
Project("{FAE04EC0-301F-11D3-BF4B-00C04F79EFBC}") = "SWEndor", "SWEndor\SWEndor.csproj", "{38B23038-2CB8-4D0B-B97F-BD9AF261DC02}"
EndProject
Project("{FAE04EC0-301F-11D3-BF4B-00C04F79EFBC}") = "SWEndorTest", "SWEndorTest\SWEndorTest.csproj", "{1ED14DC7-63A2-492F-8153-B5600B751AE3}"
EndProject
Project("{FAE04EC0-301F-11D3-BF4B-00C04F79EFBC}") = "Fmod.Wrapper", "Fmod.Wrapper\Fmod.Wrapper.csproj", "{805428FF-A413-48DA-993C-99D9083B9A45}"
EndProject
Project("{FAE04EC0-301F-11D3-BF4B-00C04F79EFBC}") = "SWEndor.ScenarioEditor", "SWEndor.ScenarioEditor\SWEndor.ScenarioEditor.csproj", "{CB3C11DA-081A-4BA5-9A37-30732BAD99C5}"
EndProject
Project("{FAE04EC0-301F-11D3-BF4B-00C04F79EFBC}") = "SWEndor.Core", "SWEndor.Core\SWEndor.Core.csproj", "{55637145-BFE1-46E7-9396-06890213192F}"
EndProject
Global
	GlobalSection(SolutionConfigurationPlatforms) = preSolution
		Debug|Any CPU = Debug|Any CPU
		Debug|x64 = Debug|x64
		Debug|x86 = Debug|x86
		Release|Any CPU = Release|Any CPU
		Release|x64 = Release|x64
		Release|x86 = Release|x86
	EndGlobalSection
	GlobalSection(ProjectConfigurationPlatforms) = postSolution
		{38B23038-2CB8-4D0B-B97F-BD9AF261DC02}.Debug|Any CPU.ActiveCfg = Debug|Any CPU
		{38B23038-2CB8-4D0B-B97F-BD9AF261DC02}.Debug|Any CPU.Build.0 = Debug|Any CPU
		{38B23038-2CB8-4D0B-B97F-BD9AF261DC02}.Debug|x64.ActiveCfg = Debug|x64
		{38B23038-2CB8-4D0B-B97F-BD9AF261DC02}.Debug|x64.Build.0 = Debug|x64
		{38B23038-2CB8-4D0B-B97F-BD9AF261DC02}.Debug|x86.ActiveCfg = Debug|x86
		{38B23038-2CB8-4D0B-B97F-BD9AF261DC02}.Debug|x86.Build.0 = Debug|x86
		{38B23038-2CB8-4D0B-B97F-BD9AF261DC02}.Release|Any CPU.ActiveCfg = Release|Any CPU
		{38B23038-2CB8-4D0B-B97F-BD9AF261DC02}.Release|Any CPU.Build.0 = Release|Any CPU
		{38B23038-2CB8-4D0B-B97F-BD9AF261DC02}.Release|x64.ActiveCfg = Release|x64
		{38B23038-2CB8-4D0B-B97F-BD9AF261DC02}.Release|x64.Build.0 = Release|x64
		{38B23038-2CB8-4D0B-B97F-BD9AF261DC02}.Release|x86.ActiveCfg = Release|x86
		{38B23038-2CB8-4D0B-B97F-BD9AF261DC02}.Release|x86.Build.0 = Release|x86
		{1ED14DC7-63A2-492F-8153-B5600B751AE3}.Debug|Any CPU.ActiveCfg = Debug|x86
		{1ED14DC7-63A2-492F-8153-B5600B751AE3}.Debug|x64.ActiveCfg = Debug|x86
		{1ED14DC7-63A2-492F-8153-B5600B751AE3}.Debug|x86.ActiveCfg = Debug|x86
		{1ED14DC7-63A2-492F-8153-B5600B751AE3}.Debug|x86.Build.0 = Debug|x86
		{1ED14DC7-63A2-492F-8153-B5600B751AE3}.Release|Any CPU.ActiveCfg = Release|x86
		{1ED14DC7-63A2-492F-8153-B5600B751AE3}.Release|x64.ActiveCfg = Release|x86
		{1ED14DC7-63A2-492F-8153-B5600B751AE3}.Release|x86.ActiveCfg = Release|x86
		{805428FF-A413-48DA-993C-99D9083B9A45}.Debug|Any CPU.ActiveCfg = Debug|Any CPU
		{805428FF-A413-48DA-993C-99D9083B9A45}.Debug|Any CPU.Build.0 = Debug|Any CPU
		{805428FF-A413-48DA-993C-99D9083B9A45}.Debug|x64.ActiveCfg = Debug|x64
		{805428FF-A413-48DA-993C-99D9083B9A45}.Debug|x64.Build.0 = Debug|x64
		{805428FF-A413-48DA-993C-99D9083B9A45}.Debug|x86.ActiveCfg = Debug|x86
		{805428FF-A413-48DA-993C-99D9083B9A45}.Debug|x86.Build.0 = Debug|x86
		{805428FF-A413-48DA-993C-99D9083B9A45}.Release|Any CPU.ActiveCfg = Release|Any CPU
		{805428FF-A413-48DA-993C-99D9083B9A45}.Release|Any CPU.Build.0 = Release|Any CPU
		{805428FF-A413-48DA-993C-99D9083B9A45}.Release|x64.ActiveCfg = Release|x64
		{805428FF-A413-48DA-993C-99D9083B9A45}.Release|x64.Build.0 = Release|x64
		{805428FF-A413-48DA-993C-99D9083B9A45}.Release|x86.ActiveCfg = Release|x86
		{805428FF-A413-48DA-993C-99D9083B9A45}.Release|x86.Build.0 = Release|x86
		{CB3C11DA-081A-4BA5-9A37-30732BAD99C5}.Debug|Any CPU.ActiveCfg = Debug|Any CPU
		{CB3C11DA-081A-4BA5-9A37-30732BAD99C5}.Debug|Any CPU.Build.0 = Debug|Any CPU
		{CB3C11DA-081A-4BA5-9A37-30732BAD99C5}.Debug|x64.ActiveCfg = Debug|x64
		{CB3C11DA-081A-4BA5-9A37-30732BAD99C5}.Debug|x64.Build.0 = Debug|x64
		{CB3C11DA-081A-4BA5-9A37-30732BAD99C5}.Debug|x86.ActiveCfg = Debug|x86
		{CB3C11DA-081A-4BA5-9A37-30732BAD99C5}.Debug|x86.Build.0 = Debug|x86
		{CB3C11DA-081A-4BA5-9A37-30732BAD99C5}.Release|Any CPU.ActiveCfg = Release|Any CPU
		{CB3C11DA-081A-4BA5-9A37-30732BAD99C5}.Release|Any CPU.Build.0 = Release|Any CPU
		{CB3C11DA-081A-4BA5-9A37-30732BAD99C5}.Release|x64.ActiveCfg = Release|x64
		{CB3C11DA-081A-4BA5-9A37-30732BAD99C5}.Release|x64.Build.0 = Release|x64
		{CB3C11DA-081A-4BA5-9A37-30732BAD99C5}.Release|x86.ActiveCfg = Release|x86
		{CB3C11DA-081A-4BA5-9A37-30732BAD99C5}.Release|x86.Build.0 = Release|x86
		{55637145-BFE1-46E7-9396-06890213192F}.Debug|Any CPU.ActiveCfg = Debug|Any CPU
		{55637145-BFE1-46E7-9396-06890213192F}.Debug|Any CPU.Build.0 = Debug|Any CPU
		{55637145-BFE1-46E7-9396-06890213192F}.Debug|x64.ActiveCfg = Debug|x64
		{55637145-BFE1-46E7-9396-06890213192F}.Debug|x64.Build.0 = Debug|x64
		{55637145-BFE1-46E7-9396-06890213192F}.Debug|x86.ActiveCfg = Debug|x86
		{55637145-BFE1-46E7-9396-06890213192F}.Debug|x86.Build.0 = Debug|x86
		{55637145-BFE1-46E7-9396-06890213192F}.Release|Any CPU.ActiveCfg = Release|Any CPU
		{55637145-BFE1-46E7-9396-06890213192F}.Release|Any CPU.Build.0 = Release|Any CPU
		{55637145-BFE1-46E7-9396-06890213192F}.Release|x64.ActiveCfg = Release|x64
		{55637145-BFE1-46E7-9396-06890213192F}.Release|x64.Build.0 = Release|x64
		{55637145-BFE1-46E7-9396-06890213192F}.Release|x86.ActiveCfg = Release|x86
		{55637145-BFE1-46E7-9396-06890213192F}.Release|x86.Build.0 = Release|x86
	EndGlobalSection
	GlobalSection(SolutionProperties) = preSolution
		HideSolutionNode = FALSE
	EndGlobalSection
	GlobalSection(ExtensibilityGlobals) = postSolution
		SolutionGuid = {8C29A53E-9AA6-4512-AF8F-9850C7D0614A}
	EndGlobalSection
EndGlobal
